
Microsoft Visual Studio Solution File, Format Version 12.00
# Visual Studio Version 17
VisualStudioVersion = 17.8.34408.163
MinimumVisualStudioVersion = 10.0.40219.1
Project("{FAE04EC0-301F-11D3-BF4B-00C04F79EFBC}") = "Api", "Api\Api.csproj", "{E9A5FA1F-0BD6-49CD-828C-2E5124D6424B}"
EndProject
Global
	GlobalSection(SolutionConfigurationPlatforms) = preSolution
		Debug|Any CPU = Debug|Any CPU
		Release|Any CPU = Release|Any CPU
	EndGlobalSection
	GlobalSection(ProjectConfigurationPlatforms) = postSolution
		{E9A5FA1F-0BD6-49CD-828C-2E5124D6424B}.Debug|Any CPU.ActiveCfg = Debug|Any CPU
		{E9A5FA1F-0BD6-49CD-828C-2E5124D6424B}.Debug|Any CPU.Build.0 = Debug|Any CPU
		{E9A5FA1F-0BD6-49CD-828C-2E5124D6424B}.Release|Any CPU.ActiveCfg = Release|Any CPU
		{E9A5FA1F-0BD6-49CD-828C-2E5124D6424B}.Release|Any CPU.Build.0 = Release|Any CPU
	EndGlobalSection
	GlobalSection(SolutionProperties) = preSolution
		HideSolutionNode = FALSE
	EndGlobalSection
	GlobalSection(ExtensibilityGlobals) = postSolution
		SolutionGuid = {6F539F94-467C-44AB-B3FD-BBDE6649E76D}
	EndGlobalSection
EndGlobal
